
Microsoft Visual Studio Solution File, Format Version 12.00
# Visual Studio Version 17
VisualStudioVersion = 17.1.32210.238
MinimumVisualStudioVersion = 10.0.40219.1
Project("{FAE04EC0-301F-11D3-BF4B-00C04F79EFBC}") = "Lab3.WinTimer1", "Lab3.WinTimer1\Lab3.WinTimer1.csproj", "{4CF73BF5-EFB9-4636-A5A4-C9D2A575D3D3}"
EndProject
Global
	GlobalSection(SolutionConfigurationPlatforms) = preSolution
		Debug|Any CPU = Debug|Any CPU
		Release|Any CPU = Release|Any CPU
	EndGlobalSection
	GlobalSection(ProjectConfigurationPlatforms) = postSolution
		{4CF73BF5-EFB9-4636-A5A4-C9D2A575D3D3}.Debug|Any CPU.ActiveCfg = Debug|Any CPU
		{4CF73BF5-EFB9-4636-A5A4-C9D2A575D3D3}.Debug|Any CPU.Build.0 = Debug|Any CPU
		{4CF73BF5-EFB9-4636-A5A4-C9D2A575D3D3}.Release|Any CPU.ActiveCfg = Release|Any CPU
		{4CF73BF5-EFB9-4636-A5A4-C9D2A575D3D3}.Release|Any CPU.Build.0 = Release|Any CPU
	EndGlobalSection
	GlobalSection(SolutionProperties) = preSolution
		HideSolutionNode = FALSE
	EndGlobalSection
	GlobalSection(ExtensibilityGlobals) = postSolution
		SolutionGuid = {370B6C5E-5673-4EC9-B0FB-90495FA7A2E3}
	EndGlobalSection
EndGlobal
